<?xml version="1.0" encoding="utf-8"?>
<Project ToolsVersion="4.0" xmlns="http://schemas.microsoft.com/developer/msbuild/2003">
  <ItemGroup>
    <Filter Include="Source Files">
      <UniqueIdentifier>{4FC737F1-C7A5-4376-A066-2A32D752A2FF}</UniqueIdentifier>
      <Extensions>cpp;c;cc;cxx;c++;cppm;ixx;def;odl;idl;hpj;bat;asm;asmx</Extensions>
    </Filter>
    <Filter Include="Header Files">
      <UniqueIdentifier>{93995380-89BD-4b04-88EB-625FBE52EBFB}</UniqueIdentifier>
      <Extensions>h;hh;hpp;hxx;h++;hm;inl;inc;ipp;xsd</Extensions>
    </Filter>
    <Filter Include="Resource Files">
      <UniqueIdentifier>{67DA6AB6-F800-4c08-8B7A-83BB121AAD01}</UniqueIdentifier>
      <Extensions>rc;ico;cur;bmp;dlg;rc2;rct;bin;rgs;gif;jpg;jpeg;jpe;resx;tiff;tif;png;wav;mfcribbon-ms</Extensions>
    </Filter>
    <Filter Include="shaders">
      <UniqueIdentifier>{4e9d0b1d-e28c-4307-8b19-06eea95ef53c}</UniqueIdentifier>
    </Filter>
  </ItemGroup>
  <ItemGroup>
    <ClCompile Include="main.cpp">
      <Filter>Source Files</Filter>
    </ClCompile>
    <ClCompile Include="Program.cpp">
      <Filter>Source Files</Filter>
    </ClCompile>
    <ClCompile Include="Shader.cpp">
      <Filter>Source Files</Filter>
    </ClCompile>
    <ClCompile Include="Window.cpp">
      <Filter>Source Files</Filter>
    </ClCompile>
    <ClCompile Include="Camera.cpp">
      <Filter>Source Files</Filter>
    </ClCompile>
    <ClCompile Include="Object.cpp">
      <Filter>Source Files</Filter>
    </ClCompile>
    <ClCompile Include="Util.cpp">
      <Filter>Source Files</Filter>
    </ClCompile>
    <ClCompile Include="Renderer.cpp">
      <Filter>Source Files</Filter>
    </ClCompile>
    <ClCompile Include="Scene.cpp">
      <Filter>Source Files</Filter>
    </ClCompile>
    <ClCompile Include="Light.cpp">
      <Filter>Source Files</Filter>
    </ClCompile>
    <ClCompile Include="ShadowMapper.cpp">
      <Filter>Source Files</Filter>
    </ClCompile>
    <ClCompile Include="Observers.cpp">
      <Filter>Source Files</Filter>
    </ClCompile>
    <ClCompile Include="RenderingScheduler.cpp">
      <Filter>Source Files</Filter>
    </ClCompile>
    <ClCompile Include="TransformationBuffer.cpp">
      <Filter>Source Files</Filter>
    </ClCompile>
    <ClCompile Include="Texture.cpp">
      <Filter>Source Files</Filter>
    </ClCompile>
    <ClCompile Include="FloorGenerator.cpp">
      <Filter>Source Files</Filter>
    </ClCompile>
    <ClCompile Include="BezierCurve.cpp">
      <Filter>Source Files</Filter>
    </ClCompile>
  </ItemGroup>
  <ItemGroup>
    <None Include="shaders\SkyboxFragmentShader.glsl">
      <Filter>shaders</Filter>
    </None>
    <None Include="shaders\SkyboxVertexShader.glsl">
      <Filter>shaders</Filter>
    </None>
    <None Include="shaders\SunFragmentShader.glsl">
      <Filter>shaders</Filter>
    </None>
    <None Include="shaders\VertexShader_simple.glsl">
      <Filter>shaders</Filter>
    </None>
    <None Include="shaders\FragmentShader_simple.glsl">
      <Filter>shaders</Filter>
    </None>
    <None Include="shaders\ShadowFragmentShader.glsl">
      <Filter>shaders</Filter>
    </None>
    <None Include="shaders\ShadowVertexShader.glsl">
      <Filter>shaders</Filter>
    </None>
    <None Include="shaders\NewFragmentShader.glsl">
      <Filter>shaders</Filter>
    </None>
    <None Include="shaders\NewVertexShader.glsl">
      <Filter>shaders</Filter>
    </None>
    <None Include="shaders\DepthMapFragmentShader.glsl">
      <Filter>shaders</Filter>
    </None>
    <None Include="shaders\DepthMapVertexShader.glsl">
      <Filter>shaders</Filter>
    </None>
    <None Include="shaders\CrosshairFragmentShader.glsl">
      <Filter>shaders</Filter>
    </None>
    <None Include="shaders\CrosshairVertexShader.glsl">
      <Filter>shaders</Filter>
    </None>
    <None Include="shaders\EnvMapFragmentShader.glsl">
      <Filter>shaders</Filter>
    </None>
    <None Include="shaders\EnvMapVertexShader.glsl">
      <Filter>shaders</Filter>
    </None>
    <None Include="shaders\PG2FragmentShader.glsl">
      <Filter>shaders</Filter>
    </None>
    <None Include="shaders\PG2VertexShader.glsl">
      <Filter>shaders</Filter>
    </None>
  </ItemGroup>
  <ItemGroup>
    <ClInclude Include="Program.h">
      <Filter>Header Files</Filter>
    </ClInclude>
    <ClInclude Include="Shader.h">
      <Filter>Header Files</Filter>
    </ClInclude>
    <ClInclude Include="Window.h">
      <Filter>Header Files</Filter>
    </ClInclude>
    <ClInclude Include="Camera.h">
      <Filter>Header Files</Filter>
    </ClInclude>
    <ClInclude Include="Object.h">
      <Filter>Header Files</Filter>
    </ClInclude>
    <ClInclude Include="Util.h">
      <Filter>Header Files</Filter>
    </ClInclude>
    <ClInclude Include="Renderer.h">
      <Filter>Header Files</Filter>
    </ClInclude>
    <ClInclude Include="Scene.h">
      <Filter>Header Files</Filter>
    </ClInclude>
    <ClInclude Include="Light.h">
      <Filter>Header Files</Filter>
    </ClInclude>
    <ClInclude Include="ShadowMapper.h">
      <Filter>Header Files</Filter>
    </ClInclude>
    <ClInclude Include="Observers.h">
      <Filter>Header Files</Filter>
    </ClInclude>
    <ClInclude Include="RenderingScheduler.h">
      <Filter>Header Files</Filter>
    </ClInclude>
    <ClInclude Include="TransformationBuffer.h">
      <Filter>Header Files</Filter>
    </ClInclude>
    <ClInclude Include="Texture.h">
      <Filter>Header Files</Filter>
    </ClInclude>
    <ClInclude Include="FloorGenerator.h">
      <Filter>Header Files</Filter>
    </ClInclude>
    <ClInclude Include="BezierCurve.h">
      <Filter>Header Files</Filter>
    </ClInclude>
    <ClInclude Include="BS_thread_pool.hpp">
      <Filter>Header Files</Filter>
    </ClInclude>
  </ItemGroup>
</Project>